{
  "nodes": {
    "fenix": {
      "inputs": {
        "nixpkgs": [
          "nixpkgs"
        ],
        "rust-analyzer-src": "rust-analyzer-src"
      },
      "locked": {
        "lastModified": 1691302815,
        "narHash": "sha256-dqvQl1xeIVbL+HeNETClA3vCOkysDzteExSKogDeU3s=",
        "owner": "nix-community",
        "repo": "fenix",
        "rev": "c598217357f7ea28a03798a5407208462f077c7f",
        "type": "github"
      },
      "original": {
        "owner": "nix-community",
        "repo": "fenix",
        "type": "github"
      }
    },
    "nixpkgs": {
      "locked": {
        "lastModified": 1691313029,
        "narHash": "sha256-JCdafAmmuOkcRGFEUkXckRZ3Q/PBBtcm1Mq0GBA3XEY=",
        "owner": "NixOS",
        "repo": "nixpkgs",
        "rev": "0bab81e6319eb418e1509fe4b88401a022f3bf99",
        "type": "github"
      },
      "original": {
        "id": "nixpkgs",
        "type": "indirect"
      }
    },
    "root": {
      "inputs": {
        "fenix": "fenix",
        "nixpkgs": "nixpkgs"
      }
    },
    "rust-analyzer-src": {
      "flake": false,
      "locked": {
        "lastModified": 1691258506,
        "narHash": "sha256-3GQkraHM03VsAy3ZcIXz+umzgBPCcMF8CfDA/cfz/pE=",
        "owner": "rust-lang",
        "repo": "rust-analyzer",
        "rev": "70fa270637193a4eb35fc7c07728c4e1f79a118b",
        "type": "github"
      },
      "original": {
        "owner": "rust-lang",
        "ref": "nightly",
        "repo": "rust-analyzer",
        "type": "github"
      }
    }
  },
  "root": "root",
  "version": 7
}
